
Microsoft Visual Studio Solution File, Format Version 12.00
# Visual Studio Version 16
VisualStudioVersion = 16.0.29209.62
MinimumVisualStudioVersion = 10.0.40219.1
Project("{FAE04EC0-301F-11D3-BF4B-00C04F79EFBC}") = "MilionthFibonacci", "MilionthFibonacci\MilionthFibonacci.csproj", "{3A8C436A-A85C-49CF-885A-CF4E89594EE6}"
EndProject
Project("{FAE04EC0-301F-11D3-BF4B-00C04F79EFBC}") = "MilionthFibonacciTests", "MilionthFibonacciTests\MilionthFibonacciTests.csproj", "{9FF7B453-A392-46CE-A670-9293DF736B76}"
EndProject
Global
	GlobalSection(SolutionConfigurationPlatforms) = preSolution
		Debug|Any CPU = Debug|Any CPU
		Release|Any CPU = Release|Any CPU
	EndGlobalSection
	GlobalSection(ProjectConfigurationPlatforms) = postSolution
		{3A8C436A-A85C-49CF-885A-CF4E89594EE6}.Debug|Any CPU.ActiveCfg = Debug|Any CPU
		{3A8C436A-A85C-49CF-885A-CF4E89594EE6}.Debug|Any CPU.Build.0 = Debug|Any CPU
		{3A8C436A-A85C-49CF-885A-CF4E89594EE6}.Release|Any CPU.ActiveCfg = Release|Any CPU
		{3A8C436A-A85C-49CF-885A-CF4E89594EE6}.Release|Any CPU.Build.0 = Release|Any CPU
		{9FF7B453-A392-46CE-A670-9293DF736B76}.Debug|Any CPU.ActiveCfg = Debug|Any CPU
		{9FF7B453-A392-46CE-A670-9293DF736B76}.Debug|Any CPU.Build.0 = Debug|Any CPU
		{9FF7B453-A392-46CE-A670-9293DF736B76}.Release|Any CPU.ActiveCfg = Release|Any CPU
		{9FF7B453-A392-46CE-A670-9293DF736B76}.Release|Any CPU.Build.0 = Release|Any CPU
	EndGlobalSection
	GlobalSection(SolutionProperties) = preSolution
		HideSolutionNode = FALSE
	EndGlobalSection
	GlobalSection(ExtensibilityGlobals) = postSolution
		SolutionGuid = {1B4F4173-9734-41C4-B689-B6A6B0821DA3}
	EndGlobalSection
EndGlobal
