
Microsoft Visual Studio Solution File, Format Version 12.00
# Visual Studio Version 16
VisualStudioVersion = 16.0.29209.62
MinimumVisualStudioVersion = 10.0.40219.1
Project("{FAE04EC0-301F-11D3-BF4B-00C04F79EFBC}") = "PathFinder1", "PathFinder1\PathFinder1.csproj", "{7F552EFE-F3B7-4C62-8DA8-7838011394FF}"
EndProject
Global
	GlobalSection(SolutionConfigurationPlatforms) = preSolution
		Debug|Any CPU = Debug|Any CPU
		Release|Any CPU = Release|Any CPU
	EndGlobalSection
	GlobalSection(ProjectConfigurationPlatforms) = postSolution
		{7F552EFE-F3B7-4C62-8DA8-7838011394FF}.Debug|Any CPU.ActiveCfg = Debug|Any CPU
		{7F552EFE-F3B7-4C62-8DA8-7838011394FF}.Debug|Any CPU.Build.0 = Debug|Any CPU
		{7F552EFE-F3B7-4C62-8DA8-7838011394FF}.Release|Any CPU.ActiveCfg = Release|Any CPU
		{7F552EFE-F3B7-4C62-8DA8-7838011394FF}.Release|Any CPU.Build.0 = Release|Any CPU
	EndGlobalSection
	GlobalSection(SolutionProperties) = preSolution
		HideSolutionNode = FALSE
	EndGlobalSection
	GlobalSection(ExtensibilityGlobals) = postSolution
		SolutionGuid = {6B50CAC7-C600-4F5E-BE70-BE9739D83B44}
	EndGlobalSection
EndGlobal
