
Microsoft Visual Studio Solution File, Format Version 12.00
# Visual Studio Version 16
VisualStudioVersion = 16.0.29209.62
MinimumVisualStudioVersion = 10.0.40219.1
Project("{FAE04EC0-301F-11D3-BF4B-00C04F79EFBC}") = "TheObservedPIN", "TheObservedPIN\TheObservedPIN.csproj", "{D6244CA7-EACB-4AB9-8550-40C2B191D621}"
EndProject
Global
	GlobalSection(SolutionConfigurationPlatforms) = preSolution
		Debug|Any CPU = Debug|Any CPU
		Release|Any CPU = Release|Any CPU
	EndGlobalSection
	GlobalSection(ProjectConfigurationPlatforms) = postSolution
		{D6244CA7-EACB-4AB9-8550-40C2B191D621}.Debug|Any CPU.ActiveCfg = Debug|Any CPU
		{D6244CA7-EACB-4AB9-8550-40C2B191D621}.Debug|Any CPU.Build.0 = Debug|Any CPU
		{D6244CA7-EACB-4AB9-8550-40C2B191D621}.Release|Any CPU.ActiveCfg = Release|Any CPU
		{D6244CA7-EACB-4AB9-8550-40C2B191D621}.Release|Any CPU.Build.0 = Release|Any CPU
	EndGlobalSection
	GlobalSection(SolutionProperties) = preSolution
		HideSolutionNode = FALSE
	EndGlobalSection
	GlobalSection(ExtensibilityGlobals) = postSolution
		SolutionGuid = {3A241F75-3582-4738-BCC8-AF183011CA72}
	EndGlobalSection
EndGlobal
